// !$*UTF8*$!
{
	archiveVersion = 1;
	classes = {
	};
	objectVersion = 56;
	objects = {

/* Begin PBXBuildFile section */
		2C8623E42CC9D9DD00B70345 /* testpackApp.swift in Sources */ = {isa = PBXBuildFile; fileRef = 2C8623E32CC9D9DD00B70345 /* testpackApp.swift */; };
		2C8623E62CC9D9DD00B70345 /* ContentView.swift in Sources */ = {isa = PBXBuildFile; fileRef = 2C8623E52CC9D9DD00B70345 /* ContentView.swift */; };
		2C8623E82CC9D9DF00B70345 /* Assets.xcassets in Resources */ = {isa = PBXBuildFile; fileRef = 2C8623E72CC9D9DF00B70345 /* Assets.xcassets */; };
		2C8623EC2CC9D9DF00B70345 /* Preview Assets.xcassets in Resources */ = {isa = PBXBuildFile; fileRef = 2C8623EB2CC9D9DF00B70345 /* Preview Assets.xcassets */; };
		2C8623F62CC9D9DF00B70345 /* testpackTests.swift in Sources */ = {isa = PBXBuildFile; fileRef = 2C8623F52CC9D9DF00B70345 /* testpackTests.swift */; };
		2C8624002CC9D9DF00B70345 /* testpackUITests.swift in Sources */ = {isa = PBXBuildFile; fileRef = 2C8623FF2CC9D9DF00B70345 /* testpackUITests.swift */; };
		2C8624022CC9D9DF00B70345 /* testpackUITestsLaunchTests.swift in Sources */ = {isa = PBXBuildFile; fileRef = 2C8624012CC9D9DF00B70345 /* testpackUITestsLaunchTests.swift */; };
		2C8624112CC9DAC300B70345 /* SamplePackage in Frameworks */ = {isa = PBXBuildFile; productRef = 2C8624102CC9DAC300B70345 /* SamplePackage */; };
		2C8624142CC9DAF700B70345 /* CachingPlayerItem in Frameworks */ = {isa = PBXBuildFile; productRef = 2C8624132CC9DAF700B70345 /* CachingPlayerItem */; };
/* End PBXBuildFile section */

/* Begin PBXContainerItemProxy section */
		2C8623F22CC9D9DF00B70345 /* PBXContainerItemProxy */ = {
			isa = PBXContainerItemProxy;
			containerPortal = 2C8623D82CC9D9DD00B70345 /* Project object */;
			proxyType = 1;
			remoteGlobalIDString = 2C8623DF2CC9D9DD00B70345;
			remoteInfo = testpack;
		};
		2C8623FC2CC9D9DF00B70345 /* PBXContainerItemProxy */ = {
			isa = PBXContainerItemProxy;
			containerPortal = 2C8623D82CC9D9DD00B70345 /* Project object */;
			proxyType = 1;
			remoteGlobalIDString = 2C8623DF2CC9D9DD00B70345;
			remoteInfo = testpack;
		};
/* End PBXContainerItemProxy section */

/* Begin PBXFileReference section */
		2C8623E02CC9D9DD00B70345 /* testpack.app */ = {isa = PBXFileReference; explicitFileType = wrapper.application; includeInIndex = 0; path = testpack.app; sourceTree = BUILT_PRODUCTS_DIR; };
		2C8623E32CC9D9DD00B70345 /* testpackApp.swift */ = {isa = PBXFileReference; lastKnownFileType = sourcecode.swift; path = testpackApp.swift; sourceTree = "<group>"; };
		2C8623E52CC9D9DD00B70345 /* ContentView.swift */ = {isa = PBXFileReference; lastKnownFileType = sourcecode.swift; path = ContentView.swift; sourceTree = "<group>"; };
		2C8623E72CC9D9DF00B70345 /* Assets.xcassets */ = {isa = PBXFileReference; lastKnownFileType = folder.assetcatalog; path = Assets.xcassets; sourceTree = "<group>"; };
		2C8623E92CC9D9DF00B70345 /* testpack.entitlements */ = {isa = PBXFileReference; lastKnownFileType = text.plist.entitlements; path = testpack.entitlements; sourceTree = "<group>"; };
		2C8623EB2CC9D9DF00B70345 /* Preview Assets.xcassets */ = {isa = PBXFileReference; lastKnownFileType = folder.assetcatalog; path = "Preview Assets.xcassets"; sourceTree = "<group>"; };
		2C8623F12CC9D9DF00B70345 /* testpackTests.xctest */ = {isa = PBXFileReference; explicitFileType = wrapper.cfbundle; includeInIndex = 0; path = testpackTests.xctest; sourceTree = BUILT_PRODUCTS_DIR; };
		2C8623F52CC9D9DF00B70345 /* testpackTests.swift */ = {isa = PBXFileReference; lastKnownFileType = sourcecode.swift; path = testpackTests.swift; sourceTree = "<group>"; };
		2C8623FB2CC9D9DF00B70345 /* testpackUITests.xctest */ = {isa = PBXFileReference; explicitFileType = wrapper.cfbundle; includeInIndex = 0; path = testpackUITests.xctest; sourceTree = BUILT_PRODUCTS_DIR; };
		2C8623FF2CC9D9DF00B70345 /* testpackUITests.swift */ = {isa = PBXFileReference; lastKnownFileType = sourcecode.swift; path = testpackUITests.swift; sourceTree = "<group>"; };
		2C8624012CC9D9DF00B70345 /* testpackUITestsLaunchTests.swift */ = {isa = PBXFileReference; lastKnownFileType = sourcecode.swift; path = testpackUITestsLaunchTests.swift; sourceTree = "<group>"; };
/* End PBXFileReference section */

/* Begin PBXFrameworksBuildPhase section */
		2C8623DD2CC9D9DD00B70345 /* Frameworks */ = {
			isa = PBXFrameworksBuildPhase;
			buildActionMask = 2147483647;
			files = (
				2C8624142CC9DAF700B70345 /* CachingPlayerItem in Frameworks */,
				2C8624112CC9DAC300B70345 /* SamplePackage in Frameworks */,
			);
			runOnlyForDeploymentPostprocessing = 0;
		};
		2C8623EE2CC9D9DF00B70345 /* Frameworks */ = {
			isa = PBXFrameworksBuildPhase;
			buildActionMask = 2147483647;
			files = (
			);
			runOnlyForDeploymentPostprocessing = 0;
		};
		2C8623F82CC9D9DF00B70345 /* Frameworks */ = {
			isa = PBXFrameworksBuildPhase;
			buildActionMask = 2147483647;
			files = (
			);
			runOnlyForDeploymentPostprocessing = 0;
		};
/* End PBXFrameworksBuildPhase section */

/* Begin PBXGroup section */
		2C8623D72CC9D9DD00B70345 = {
			isa = PBXGroup;
			children = (
				2C8623E22CC9D9DD00B70345 /* testpack */,
				2C8623F42CC9D9DF00B70345 /* testpackTests */,
				2C8623FE2CC9D9DF00B70345 /* testpackUITests */,
				2C8623E12CC9D9DD00B70345 /* Products */,
				2C86240F2CC9DAC300B70345 /* Frameworks */,
			);
			sourceTree = "<group>";
		};
		2C8623E12CC9D9DD00B70345 /* Products */ = {
			isa = PBXGroup;
			children = (
				2C8623E02CC9D9DD00B70345 /* testpack.app */,
				2C8623F12CC9D9DF00B70345 /* testpackTests.xctest */,
				2C8623FB2CC9D9DF00B70345 /* testpackUITests.xctest */,
			);
			name = Products;
			sourceTree = "<group>";
		};
		2C8623E22CC9D9DD00B70345 /* testpack */ = {
			isa = PBXGroup;
			children = (
				2C8623E32CC9D9DD00B70345 /* testpackApp.swift */,
				2C8623E52CC9D9DD00B70345 /* ContentView.swift */,
				2C8623E72CC9D9DF00B70345 /* Assets.xcassets */,
				2C8623E92CC9D9DF00B70345 /* testpack.entitlements */,
				2C8623EA2CC9D9DF00B70345 /* Preview Content */,
			);
			path = testpack;
			sourceTree = "<group>";
		};
		2C8623EA2CC9D9DF00B70345 /* Preview Content */ = {
			isa = PBXGroup;
			children = (
				2C8623EB2CC9D9DF00B70345 /* Preview Assets.xcassets */,
			);
			path = "Preview Content";
			sourceTree = "<group>";
		};
		2C8623F42CC9D9DF00B70345 /* testpackTests */ = {
			isa = PBXGroup;
			children = (
				2C8623F52CC9D9DF00B70345 /* testpackTests.swift */,
			);
			path = testpackTests;
			sourceTree = "<group>";
		};
		2C8623FE2CC9D9DF00B70345 /* testpackUITests */ = {
			isa = PBXGroup;
			children = (
				2C8623FF2CC9D9DF00B70345 /* testpackUITests.swift */,
				2C8624012CC9D9DF00B70345 /* testpackUITestsLaunchTests.swift */,
			);
			path = testpackUITests;
			sourceTree = "<group>";
		};
		2C86240F2CC9DAC300B70345 /* Frameworks */ = {
			isa = PBXGroup;
			children = (
			);
			name = Frameworks;
			sourceTree = "<group>";
		};
/* End PBXGroup section */

/* Begin PBXNativeTarget section */
		2C8623DF2CC9D9DD00B70345 /* testpack */ = {
			isa = PBXNativeTarget;
			buildConfigurationList = 2C8624052CC9D9DF00B70345 /* Build configuration list for PBXNativeTarget "testpack" */;
			buildPhases = (
				2C8623DC2CC9D9DD00B70345 /* Sources */,
				2C8623DD2CC9D9DD00B70345 /* Frameworks */,
				2C8623DE2CC9D9DD00B70345 /* Resources */,
			);
			buildRules = (
			);
			dependencies = (
			);
			name = testpack;
			packageProductDependencies = (
				2C8624102CC9DAC300B70345 /* SamplePackage */,
				2C8624132CC9DAF700B70345 /* CachingPlayerItem */,
			);
			productName = testpack;
			productReference = 2C8623E02CC9D9DD00B70345 /* testpack.app */;
			productType = "com.apple.product-type.application";
		};
		2C8623F02CC9D9DF00B70345 /* testpackTests */ = {
			isa = PBXNativeTarget;
			buildConfigurationList = 2C8624082CC9D9DF00B70345 /* Build configuration list for PBXNativeTarget "testpackTests" */;
			buildPhases = (
				2C8623ED2CC9D9DF00B70345 /* Sources */,
				2C8623EE2CC9D9DF00B70345 /* Frameworks */,
				2C8623EF2CC9D9DF00B70345 /* Resources */,
			);
			buildRules = (
			);
			dependencies = (
				2C8623F32CC9D9DF00B70345 /* PBXTargetDependency */,
			);
			name = testpackTests;
			productName = testpackTests;
			productReference = 2C8623F12CC9D9DF00B70345 /* testpackTests.xctest */;
			productType = "com.apple.product-type.bundle.unit-test";
		};
		2C8623FA2CC9D9DF00B70345 /* testpackUITests */ = {
			isa = PBXNativeTarget;
			buildConfigurationList = 2C86240B2CC9D9DF00B70345 /* Build configuration list for PBXNativeTarget "testpackUITests" */;
			buildPhases = (
				2C8623F72CC9D9DF00B70345 /* Sources */,
				2C8623F82CC9D9DF00B70345 /* Frameworks */,
				2C8623F92CC9D9DF00B70345 /* Resources */,
			);
			buildRules = (
			);
			dependencies = (
				2C8623FD2CC9D9DF00B70345 /* PBXTargetDependency */,
			);
			name = testpackUITests;
			productName = testpackUITests;
			productReference = 2C8623FB2CC9D9DF00B70345 /* testpackUITests.xctest */;
			productType = "com.apple.product-type.bundle.ui-testing";
		};
/* End PBXNativeTarget section */

/* Begin PBXProject section */
		2C8623D82CC9D9DD00B70345 /* Project object */ = {
			isa = PBXProject;
			attributes = {
				BuildIndependentTargetsInParallel = 1;
				LastSwiftUpdateCheck = 1540;
				LastUpgradeCheck = 1540;
				TargetAttributes = {
					2C8623DF2CC9D9DD00B70345 = {
						CreatedOnToolsVersion = 15.4;
					};
					2C8623F02CC9D9DF00B70345 = {
						CreatedOnToolsVersion = 15.4;
						TestTargetID = 2C8623DF2CC9D9DD00B70345;
					};
					2C8623FA2CC9D9DF00B70345 = {
						CreatedOnToolsVersion = 15.4;
						TestTargetID = 2C8623DF2CC9D9DD00B70345;
					};
				};
			};
			buildConfigurationList = 2C8623DB2CC9D9DD00B70345 /* Build configuration list for PBXProject "testpack" */;
			compatibilityVersion = "Xcode 14.0";
			developmentRegion = en;
			hasScannedForEncodings = 0;
			knownRegions = (
				en,
				Base,
			);
			mainGroup = 2C8623D72CC9D9DD00B70345;
			packageReferences = (
				2C86240E2CC9D9F400B70345 /* XCRemoteSwiftPackageReference "SamplePackage" */,
				2C8624122CC9DAE800B70345 /* XCRemoteSwiftPackageReference "CachingPlayerItem" */,
			);
			productRefGroup = 2C8623E12CC9D9DD00B70345 /* Products */;
			projectDirPath = "";
			projectRoot = "";
			targets = (
				2C8623DF2CC9D9DD00B70345 /* testpack */,
				2C8623F02CC9D9DF00B70345 /* testpackTests */,
				2C8623FA2CC9D9DF00B70345 /* testpackUITests */,
			);
		};
/* End PBXProject section */

/* Begin PBXResourcesBuildPhase section */
		2C8623DE2CC9D9DD00B70345 /* Resources */ = {
			isa = PBXResourcesBuildPhase;
			buildActionMask = 2147483647;
			files = (
				2C8623EC2CC9D9DF00B70345 /* Preview Assets.xcassets in Resources */,
				2C8623E82CC9D9DF00B70345 /* Assets.xcassets in Resources */,
			);
			runOnlyForDeploymentPostprocessing = 0;
		};
		2C8623EF2CC9D9DF00B70345 /* Resources */ = {
			isa = PBXResourcesBuildPhase;
			buildActionMask = 2147483647;
			files = (
			);
			runOnlyForDeploymentPostprocessing = 0;
		};
		2C8623F92CC9D9DF00B70345 /* Resources */ = {
			isa = PBXResourcesBuildPhase;
			buildActionMask = 2147483647;
			files = (
			);
			runOnlyForDeploymentPostprocessing = 0;
		};
/* End PBXResourcesBuildPhase section */

/* Begin PBXSourcesBuildPhase section */
		2C8623DC2CC9D9DD00B70345 /* Sources */ = {
			isa = PBXSourcesBuildPhase;
			buildActionMask = 2147483647;
			files = (
				2C8623E62CC9D9DD00B70345 /* ContentView.swift in Sources */,
				2C8623E42CC9D9DD00B70345 /* testpackApp.swift in Sources */,
			);
			runOnlyForDeploymentPostprocessing = 0;
		};
		2C8623ED2CC9D9DF00B70345 /* Sources */ = {
			isa = PBXSourcesBuildPhase;
			buildActionMask = 2147483647;
			files = (
				2C8623F62CC9D9DF00B70345 /* testpackTests.swift in Sources */,
			);
			runOnlyForDeploymentPostprocessing = 0;
		};
		2C8623F72CC9D9DF00B70345 /* Sources */ = {
			isa = PBXSourcesBuildPhase;
			buildActionMask = 2147483647;
			files = (
				2C8624022CC9D9DF00B70345 /* testpackUITestsLaunchTests.swift in Sources */,
				2C8624002CC9D9DF00B70345 /* testpackUITests.swift in Sources */,
			);
			runOnlyForDeploymentPostprocessing = 0;
		};
/* End PBXSourcesBuildPhase section */

/* Begin PBXTargetDependency section */
		2C8623F32CC9D9DF00B70345 /* PBXTargetDependency */ = {
			isa = PBXTargetDependency;
			target = 2C8623DF2CC9D9DD00B70345 /* testpack */;
			targetProxy = 2C8623F22CC9D9DF00B70345 /* PBXContainerItemProxy */;
		};
		2C8623FD2CC9D9DF00B70345 /* PBXTargetDependency */ = {
			isa = PBXTargetDependency;
			target = 2C8623DF2CC9D9DD00B70345 /* testpack */;
			targetProxy = 2C8623FC2CC9D9DF00B70345 /* PBXContainerItemProxy */;
		};
/* End PBXTargetDependency section */

/* Begin XCBuildConfiguration section */
		2C8624032CC9D9DF00B70345 /* Debug */ = {
			isa = XCBuildConfiguration;
			buildSettings = {
				ALWAYS_SEARCH_USER_PATHS = NO;
				ASSETCATALOG_COMPILER_GENERATE_SWIFT_ASSET_SYMBOL_EXTENSIONS = YES;
				CLANG_ANALYZER_NONNULL = YES;
				CLANG_ANALYZER_NUMBER_OBJECT_CONVERSION = YES_AGGRESSIVE;
				CLANG_CXX_LANGUAGE_STANDARD = "gnu++20";
				CLANG_ENABLE_MODULES = YES;
				CLANG_ENABLE_OBJC_ARC = YES;
				CLANG_ENABLE_OBJC_WEAK = YES;
				CLANG_WARN_BLOCK_CAPTURE_AUTORELEASING = YES;
				CLANG_WARN_BOOL_CONVERSION = YES;
				CLANG_WARN_COMMA = YES;
				CLANG_WARN_CONSTANT_CONVERSION = YES;
				CLANG_WARN_DEPRECATED_OBJC_IMPLEMENTATIONS = YES;
				CLANG_WARN_DIRECT_OBJC_ISA_USAGE = YES_ERROR;
				CLANG_WARN_DOCUMENTATION_COMMENTS = YES;
				CLANG_WARN_EMPTY_BODY = YES;
				CLANG_WARN_ENUM_CONVERSION = YES;
				CLANG_WARN_INFINITE_RECURSION = YES;
				CLANG_WARN_INT_CONVERSION = YES;
				CLANG_WARN_NON_LITERAL_NULL_CONVERSION = YES;
				CLANG_WARN_OBJC_IMPLICIT_RETAIN_SELF = YES;
				CLANG_WARN_OBJC_LITERAL_CONVERSION = YES;
				CLANG_WARN_OBJC_ROOT_CLASS = YES_ERROR;
				CLANG_WARN_QUOTED_INCLUDE_IN_FRAMEWORK_HEADER = YES;
				CLANG_WARN_RANGE_LOOP_ANALYSIS = YES;
				CLANG_WARN_STRICT_PROTOTYPES = YES;
				CLANG_WARN_SUSPICIOUS_MOVE = YES;
				CLANG_WARN_UNGUARDED_AVAILABILITY = YES_AGGRESSIVE;
				CLANG_WARN_UNREACHABLE_CODE = YES;
				CLANG_WARN__DUPLICATE_METHOD_MATCH = YES;
				COPY_PHASE_STRIP = NO;
				DEBUG_INFORMATION_FORMAT = dwarf;
				ENABLE_STRICT_OBJC_MSGSEND = YES;
				ENABLE_TESTABILITY = YES;
				ENABLE_USER_SCRIPT_SANDBOXING = YES;
				GCC_C_LANGUAGE_STANDARD = gnu17;
				GCC_DYNAMIC_NO_PIC = NO;
				GCC_NO_COMMON_BLOCKS = YES;
				GCC_OPTIMIZATION_LEVEL = 0;
				GCC_PREPROCESSOR_DEFINITIONS = (
					"DEBUG=1",
					"$(inherited)",
				);
				GCC_WARN_64_TO_32_BIT_CONVERSION = YES;
				GCC_WARN_ABOUT_RETURN_TYPE = YES_ERROR;
				GCC_WARN_UNDECLARED_SELECTOR = YES;
				GCC_WARN_UNINITIALIZED_AUTOS = YES_AGGRESSIVE;
				GCC_WARN_UNUSED_FUNCTION = YES;
				GCC_WARN_UNUSED_VARIABLE = YES;
				LOCALIZATION_PREFERS_STRING_CATALOGS = YES;
				MTL_ENABLE_DEBUG_INFO = INCLUDE_SOURCE;
				MTL_FAST_MATH = YES;
				ONLY_ACTIVE_ARCH = YES;
				SWIFT_ACTIVE_COMPILATION_CONDITIONS = "DEBUG $(inherited)";
				SWIFT_OPTIMIZATION_LEVEL = "-Onone";
			};
			name = Debug;
		};
		2C8624042CC9D9DF00B70345 /* Release */ = {
			isa = XCBuildConfiguration;
			buildSettings = {
				ALWAYS_SEARCH_USER_PATHS = NO;
				ASSETCATALOG_COMPILER_GENERATE_SWIFT_ASSET_SYMBOL_EXTENSIONS = YES;
				CLANG_ANALYZER_NONNULL = YES;
				CLANG_ANALYZER_NUMBER_OBJECT_CONVERSION = YES_AGGRESSIVE;
				CLANG_CXX_LANGUAGE_STANDARD = "gnu++20";
				CLANG_ENABLE_MODULES = YES;
				CLANG_ENABLE_OBJC_ARC = YES;
				CLANG_ENABLE_OBJC_WEAK = YES;
				CLANG_WARN_BLOCK_CAPTURE_AUTORELEASING = YES;
				CLANG_WARN_BOOL_CONVERSION = YES;
				CLANG_WARN_COMMA = YES;
				CLANG_WARN_CONSTANT_CONVERSION = YES;
				CLANG_WARN_DEPRECATED_OBJC_IMPLEMENTATIONS = YES;
				CLANG_WARN_DIRECT_OBJC_ISA_USAGE = YES_ERROR;
				CLANG_WARN_DOCUMENTATION_COMMENTS = YES;
				CLANG_WARN_EMPTY_BODY = YES;
				CLANG_WARN_ENUM_CONVERSION = YES;
				CLANG_WARN_INFINITE_RECURSION = YES;
				CLANG_WARN_INT_CONVERSION = YES;
				CLANG_WARN_NON_LITERAL_NULL_CONVERSION = YES;
				CLANG_WARN_OBJC_IMPLICIT_RETAIN_SELF = YES;
				CLANG_WARN_OBJC_LITERAL_CONVERSION = YES;
				CLANG_WARN_OBJC_ROOT_CLASS = YES_ERROR;
				CLANG_WARN_QUOTED_INCLUDE_IN_FRAMEWORK_HEADER = YES;
				CLANG_WARN_RANGE_LOOP_ANALYSIS = YES;
				CLANG_WARN_STRICT_PROTOTYPES = YES;
				CLANG_WARN_SUSPICIOUS_MOVE = YES;
				CLANG_WARN_UNGUARDED_AVAILABILITY = YES_AGGRESSIVE;
				CLANG_WARN_UNREACHABLE_CODE = YES;
				CLANG_WARN__DUPLICATE_METHOD_MATCH = YES;
				COPY_PHASE_STRIP = NO;
				DEBUG_INFORMATION_FORMAT = "dwarf-with-dsym";
				ENABLE_NS_ASSERTIONS = NO;
				ENABLE_STRICT_OBJC_MSGSEND = YES;
				ENABLE_USER_SCRIPT_SANDBOXING = YES;
				GCC_C_LANGUAGE_STANDARD = gnu17;
				GCC_NO_COMMON_BLOCKS = YES;
				GCC_WARN_64_TO_32_BIT_CONVERSION = YES;
				GCC_WARN_ABOUT_RETURN_TYPE = YES_ERROR;
				GCC_WARN_UNDECLARED_SELECTOR = YES;
				GCC_WARN_UNINITIALIZED_AUTOS = YES_AGGRESSIVE;
				GCC_WARN_UNUSED_FUNCTION = YES;
				GCC_WARN_UNUSED_VARIABLE = YES;
				LOCALIZATION_PREFERS_STRING_CATALOGS = YES;
				MTL_ENABLE_DEBUG_INFO = NO;
				MTL_FAST_MATH = YES;
				SWIFT_COMPILATION_MODE = wholemodule;
			};
			name = Release;
		};
		2C8624062CC9D9DF00B70345 /* Debug */ = {
			isa = XCBuildConfiguration;
			buildSettings = {
				ASSETCATALOG_COMPILER_APPICON_NAME = AppIcon;
				ASSETCATALOG_COMPILER_GLOBAL_ACCENT_COLOR_NAME = AccentColor;
				CODE_SIGN_ENTITLEMENTS = testpack/testpack.entitlements;
				CODE_SIGN_STYLE = Automatic;
				CURRENT_PROJECT_VERSION = 1;
				DEVELOPMENT_ASSET_PATHS = "\"testpack/Preview Content\"";
				DEVELOPMENT_TEAM = J7NY38ACSF;
				ENABLE_HARDENED_RUNTIME = YES;
				ENABLE_PREVIEWS = YES;
				GENERATE_INFOPLIST_FILE = YES;
				"INFOPLIST_KEY_UIApplicationSceneManifest_Generation[sdk=iphoneos*]" = YES;
				"INFOPLIST_KEY_UIApplicationSceneManifest_Generation[sdk=iphonesimulator*]" = YES;
				"INFOPLIST_KEY_UIApplicationSupportsIndirectInputEvents[sdk=iphoneos*]" = YES;
				"INFOPLIST_KEY_UIApplicationSupportsIndirectInputEvents[sdk=iphonesimulator*]" = YES;
				"INFOPLIST_KEY_UILaunchScreen_Generation[sdk=iphoneos*]" = YES;
				"INFOPLIST_KEY_UILaunchScreen_Generation[sdk=iphonesimulator*]" = YES;
				"INFOPLIST_KEY_UIStatusBarStyle[sdk=iphoneos*]" = UIStatusBarStyleDefault;
				"INFOPLIST_KEY_UIStatusBarStyle[sdk=iphonesimulator*]" = UIStatusBarStyleDefault;
				INFOPLIST_KEY_UISupportedInterfaceOrientations_iPad = "UIInterfaceOrientationPortrait UIInterfaceOrientationPortraitUpsideDown UIInterfaceOrientationLandscapeLeft UIInterfaceOrientationLandscapeRight";
				INFOPLIST_KEY_UISupportedInterfaceOrientations_iPhone = "UIInterfaceOrientationPortrait UIInterfaceOrientationLandscapeLeft UIInterfaceOrientationLandscapeRight";
				IPHONEOS_DEPLOYMENT_TARGET = 17.5;
				LD_RUNPATH_SEARCH_PATHS = "@executable_path/Frameworks";
				"LD_RUNPATH_SEARCH_PATHS[sdk=macosx*]" = "@executable_path/../Frameworks";
				MACOSX_DEPLOYMENT_TARGET = 14.5;
				MARKETING_VERSION = 1.0;
				PRODUCT_BUNDLE_IDENTIFIER = morphace.testpack;
				PRODUCT_NAME = "$(TARGET_NAME)";
				SDKROOT = auto;
				SUPPORTED_PLATFORMS = "iphoneos iphonesimulator macosx";
				SWIFT_EMIT_LOC_STRINGS = YES;
				SWIFT_VERSION = 5.0;
				TARGETED_DEVICE_FAMILY = "1,2";
			};
			name = Debug;
		};
		2C8624072CC9D9DF00B70345 /* Release */ = {
			isa = XCBuildConfiguration;
			buildSettings = {
				ASSETCATALOG_COMPILER_APPICON_NAME = AppIcon;
				ASSETCATALOG_COMPILER_GLOBAL_ACCENT_COLOR_NAME = AccentColor;
				CODE_SIGN_ENTITLEMENTS = testpack/testpack.entitlements;
				CODE_SIGN_STYLE = Automatic;
				CURRENT_PROJECT_VERSION = 1;
				DEVELOPMENT_ASSET_PATHS = "\"testpack/Preview Content\"";
				DEVELOPMENT_TEAM = J7NY38ACSF;
				ENABLE_HARDENED_RUNTIME = YES;
				ENABLE_PREVIEWS = YES;
				GENERATE_INFOPLIST_FILE = YES;
				"INFOPLIST_KEY_UIApplicationSceneManifest_Generation[sdk=iphoneos*]" = YES;
				"INFOPLIST_KEY_UIApplicationSceneManifest_Generation[sdk=iphonesimulator*]" = YES;
				"INFOPLIST_KEY_UIApplicationSupportsIndirectInputEvents[sdk=iphoneos*]" = YES;
				"INFOPLIST_KEY_UIApplicationSupportsIndirectInputEvents[sdk=iphonesimulator*]" = YES;
				"INFOPLIST_KEY_UILaunchScreen_Generation[sdk=iphoneos*]" = YES;
				"INFOPLIST_KEY_UILaunchScreen_Generation[sdk=iphonesimulator*]" = YES;
				"INFOPLIST_KEY_UIStatusBarStyle[sdk=iphoneos*]" = UIStatusBarStyleDefault;
				"INFOPLIST_KEY_UIStatusBarStyle[sdk=iphonesimulator*]" = UIStatusBarStyleDefault;
				INFOPLIST_KEY_UISupportedInterfaceOrientations_iPad = "UIInterfaceOrientationPortrait UIInterfaceOrientationPortraitUpsideDown UIInterfaceOrientationLandscapeLeft UIInterfaceOrientationLandscapeRight";
				INFOPLIST_KEY_UISupportedInterfaceOrientations_iPhone = "UIInterfaceOrientationPortrait UIInterfaceOrientationLandscapeLeft UIInterfaceOrientationLandscapeRight";
				IPHONEOS_DEPLOYMENT_TARGET = 17.5;
				LD_RUNPATH_SEARCH_PATHS = "@executable_path/Frameworks";
				"LD_RUNPATH_SEARCH_PATHS[sdk=macosx*]" = "@executable_path/../Frameworks";
				MACOSX_DEPLOYMENT_TARGET = 14.5;
				MARKETING_VERSION = 1.0;
				PRODUCT_BUNDLE_IDENTIFIER = morphace.testpack;
				PRODUCT_NAME = "$(TARGET_NAME)";
				SDKROOT = auto;
				SUPPORTED_PLATFORMS = "iphoneos iphonesimulator macosx";
				SWIFT_EMIT_LOC_STRINGS = YES;
				SWIFT_VERSION = 5.0;
				TARGETED_DEVICE_FAMILY = "1,2";
			};
			name = Release;
		};
		2C8624092CC9D9DF00B70345 /* Debug */ = {
			isa = XCBuildConfiguration;
			buildSettings = {
				ALWAYS_EMBED_SWIFT_STANDARD_LIBRARIES = YES;
				BUNDLE_LOADER = "$(TEST_HOST)";
				CODE_SIGN_STYLE = Automatic;
				CURRENT_PROJECT_VERSION = 1;
				DEVELOPMENT_TEAM = J7NY38ACSF;
				GENERATE_INFOPLIST_FILE = YES;
				IPHONEOS_DEPLOYMENT_TARGET = 17.5;
				MACOSX_DEPLOYMENT_TARGET = 14.5;
				MARKETING_VERSION = 1.0;
				PRODUCT_BUNDLE_IDENTIFIER = morphace.testpackTests;
				PRODUCT_NAME = "$(TARGET_NAME)";
				SDKROOT = auto;
				SUPPORTED_PLATFORMS = "iphoneos iphonesimulator macosx";
				SWIFT_EMIT_LOC_STRINGS = NO;
				SWIFT_VERSION = 5.0;
				TARGETED_DEVICE_FAMILY = "1,2";
				TEST_HOST = "$(BUILT_PRODUCTS_DIR)/testpack.app/$(BUNDLE_EXECUTABLE_FOLDER_PATH)/testpack";
			};
			name = Debug;
		};
		2C86240A2CC9D9DF00B70345 /* Release */ = {
			isa = XCBuildConfiguration;
			buildSettings = {
				ALWAYS_EMBED_SWIFT_STANDARD_LIBRARIES = YES;
				BUNDLE_LOADER = "$(TEST_HOST)";
				CODE_SIGN_STYLE = Automatic;
				CURRENT_PROJECT_VERSION = 1;
				DEVELOPMENT_TEAM = J7NY38ACSF;
				GENERATE_INFOPLIST_FILE = YES;
				IPHONEOS_DEPLOYMENT_TARGET = 17.5;
				MACOSX_DEPLOYMENT_TARGET = 14.5;
				MARKETING_VERSION = 1.0;
				PRODUCT_BUNDLE_IDENTIFIER = morphace.testpackTests;
				PRODUCT_NAME = "$(TARGET_NAME)";
				SDKROOT = auto;
				SUPPORTED_PLATFORMS = "iphoneos iphonesimulator macosx";
				SWIFT_EMIT_LOC_STRINGS = NO;
				SWIFT_VERSION = 5.0;
				TARGETED_DEVICE_FAMILY = "1,2";
				TEST_HOST = "$(BUILT_PRODUCTS_DIR)/testpack.app/$(BUNDLE_EXECUTABLE_FOLDER_PATH)/testpack";
			};
			name = Release;
		};
		2C86240C2CC9D9DF00B70345 /* Debug */ = {
			isa = XCBuildConfiguration;
			buildSettings = {
				ALWAYS_EMBED_SWIFT_STANDARD_LIBRARIES = YES;
				CODE_SIGN_STYLE = Automatic;
				CURRENT_PROJECT_VERSION = 1;
				DEVELOPMENT_TEAM = J7NY38ACSF;
				GENERATE_INFOPLIST_FILE = YES;
				IPHONEOS_DEPLOYMENT_TARGET = 17.5;
				MACOSX_DEPLOYMENT_TARGET = 14.5;
				MARKETING_VERSION = 1.0;
				PRODUCT_BUNDLE_IDENTIFIER = morphace.testpackUITests;
				PRODUCT_NAME = "$(TARGET_NAME)";
				SDKROOT = auto;
				SUPPORTED_PLATFORMS = "iphoneos iphonesimulator macosx";
				SWIFT_EMIT_LOC_STRINGS = NO;
				SWIFT_VERSION = 5.0;
				TARGETED_DEVICE_FAMILY = "1,2";
				TEST_TARGET_NAME = testpack;
			};
			name = Debug;
		};
		2C86240D2CC9D9DF00B70345 /* Release */ = {
			isa = XCBuildConfiguration;
			buildSettings = {
				ALWAYS_EMBED_SWIFT_STANDARD_LIBRARIES = YES;
				CODE_SIGN_STYLE = Automatic;
				CURRENT_PROJECT_VERSION = 1;
				DEVELOPMENT_TEAM = J7NY38ACSF;
				GENERATE_INFOPLIST_FILE = YES;
				IPHONEOS_DEPLOYMENT_TARGET = 17.5;
				MACOSX_DEPLOYMENT_TARGET = 14.5;
				MARKETING_VERSION = 1.0;
				PRODUCT_BUNDLE_IDENTIFIER = morphace.testpackUITests;
				PRODUCT_NAME = "$(TARGET_NAME)";
				SDKROOT = auto;
				SUPPORTED_PLATFORMS = "iphoneos iphonesimulator macosx";
				SWIFT_EMIT_LOC_STRINGS = NO;
				SWIFT_VERSION = 5.0;
				TARGETED_DEVICE_FAMILY = "1,2";
				TEST_TARGET_NAME = testpack;
			};
			name = Release;
		};
/* End XCBuildConfiguration section */

/* Begin XCConfigurationList section */
		2C8623DB2CC9D9DD00B70345 /* Build configuration list for PBXProject "testpack" */ = {
			isa = XCConfigurationList;
			buildConfigurations = (
				2C8624032CC9D9DF00B70345 /* Debug */,
				2C8624042CC9D9DF00B70345 /* Release */,
			);
			defaultConfigurationIsVisible = 0;
			defaultConfigurationName = Release;
		};
		2C8624052CC9D9DF00B70345 /* Build configuration list for PBXNativeTarget "testpack" */ = {
			isa = XCConfigurationList;
			buildConfigurations = (
				2C8624062CC9D9DF00B70345 /* Debug */,
				2C8624072CC9D9DF00B70345 /* Release */,
			);
			defaultConfigurationIsVisible = 0;
			defaultConfigurationName = Release;
		};
		2C8624082CC9D9DF00B70345 /* Build configuration list for PBXNativeTarget "testpackTests" */ = {
			isa = XCConfigurationList;
			buildConfigurations = (
				2C8624092CC9D9DF00B70345 /* Debug */,
				2C86240A2CC9D9DF00B70345 /* Release */,
			);
			defaultConfigurationIsVisible = 0;
			defaultConfigurationName = Release;
		};
		2C86240B2CC9D9DF00B70345 /* Build configuration list for PBXNativeTarget "testpackUITests" */ = {
			isa = XCConfigurationList;
			buildConfigurations = (
				2C86240C2CC9D9DF00B70345 /* Debug */,
				2C86240D2CC9D9DF00B70345 /* Release */,
			);
			defaultConfigurationIsVisible = 0;
			defaultConfigurationName = Release;
		};
/* End XCConfigurationList section */

/* Begin XCRemoteSwiftPackageReference section */
		2C86240E2CC9D9F400B70345 /* XCRemoteSwiftPackageReference "SamplePackage" */ = {
			isa = XCRemoteSwiftPackageReference;
			repositoryURL = "https://github.com/twostraws/SamplePackage";
			requirement = {
				kind = upToNextMajorVersion;
				minimumVersion = 1.0.0;
			};
		};
		2C8624122CC9DAE800B70345 /* XCRemoteSwiftPackageReference "CachingPlayerItem" */ = {
			isa = XCRemoteSwiftPackageReference;
			repositoryURL = "https://github.com/sukov/CachingPlayerItem.git";
			requirement = {
				kind = upToNextMajorVersion;
				minimumVersion = 1.1.3;
			};
		};
/* End XCRemoteSwiftPackageReference section */

/* Begin XCSwiftPackageProductDependency section */
		2C8624102CC9DAC300B70345 /* SamplePackage */ = {
			isa = XCSwiftPackageProductDependency;
			package = 2C86240E2CC9D9F400B70345 /* XCRemoteSwiftPackageReference "SamplePackage" */;
			productName = SamplePackage;
		};
		2C8624132CC9DAF700B70345 /* CachingPlayerItem */ = {
			isa = XCSwiftPackageProductDependency;
			package = 2C8624122CC9DAE800B70345 /* XCRemoteSwiftPackageReference "CachingPlayerItem" */;
			productName = CachingPlayerItem;
		};
/* End XCSwiftPackageProductDependency section */
	};
	rootObject = 2C8623D82CC9D9DD00B70345 /* Project object */;
}
